
Microsoft Visual Studio Solution File, Format Version 12.00
# Visual Studio 15
Project("{FAE04EC0-301F-11D3-BF4B-00C04F79EFBC}") = "Assembly-CSharp", "Assembly-CSharp.csproj", "{3EF9A32D-9148-C195-F0E7-E27C12D1BDA4}"
EndProject
Project("{FAE04EC0-301F-11D3-BF4B-00C04F79EFBC}") = "Assembly-CSharp-Editor", "Assembly-CSharp-Editor.csproj", "{1E8B28B2-9C7E-75B2-BC0A-9159B4818E27}"
EndProject
Global
	GlobalSection(SolutionConfigurationPlatforms) = preSolution
		Debug|Any CPU = Debug|Any CPU
		Release|Any CPU = Release|Any CPU
	EndGlobalSection
	GlobalSection(ProjectConfigurationPlatforms) = postSolution
		{3EF9A32D-9148-C195-F0E7-E27C12D1BDA4}.Debug|Any CPU.ActiveCfg = Debug|Any CPU
		{3EF9A32D-9148-C195-F0E7-E27C12D1BDA4}.Debug|Any CPU.Build.0 = Debug|Any CPU
		{3EF9A32D-9148-C195-F0E7-E27C12D1BDA4}.Release|Any CPU.ActiveCfg = Release|Any CPU
		{3EF9A32D-9148-C195-F0E7-E27C12D1BDA4}.Release|Any CPU.Build.0 = Release|Any CPU
		{1E8B28B2-9C7E-75B2-BC0A-9159B4818E27}.Debug|Any CPU.ActiveCfg = Debug|Any CPU
		{1E8B28B2-9C7E-75B2-BC0A-9159B4818E27}.Debug|Any CPU.Build.0 = Debug|Any CPU
		{1E8B28B2-9C7E-75B2-BC0A-9159B4818E27}.Release|Any CPU.ActiveCfg = Release|Any CPU
		{1E8B28B2-9C7E-75B2-BC0A-9159B4818E27}.Release|Any CPU.Build.0 = Release|Any CPU
	EndGlobalSection
	GlobalSection(SolutionProperties) = preSolution
		HideSolutionNode = FALSE
	EndGlobalSection
EndGlobal
